// !$*UTF8*$!
{
	archiveVersion = 1;
	classes = {
	};
	objectVersion = 51;
	objects = {

/* Begin PBXBuildFile section */
		6A3FD2DC35241D2082177713 /* Pods_InstaCloneTests.framework in Frameworks */ = {isa = PBXBuildFile; fileRef = 485142C6CEC5FF34F36A08A7 /* Pods_InstaCloneTests.framework */; };
		77F108318C791831830125B9 /* Pods_InstaClone_InstaCloneUITests.framework in Frameworks */ = {isa = PBXBuildFile; fileRef = B42F9A98B5AA808D7BEE7E17 /* Pods_InstaClone_InstaCloneUITests.framework */; };
		8FD968267F050D765406C2A1 /* Pods_InstaClone.framework in Frameworks */ = {isa = PBXBuildFile; fileRef = 108F1E314BFE6F694263216C /* Pods_InstaClone.framework */; };
		AE365101254328BA0032E579 /* AppDelegate.swift in Sources */ = {isa = PBXBuildFile; fileRef = AE365100254328BA0032E579 /* AppDelegate.swift */; };
		AE365103254328BA0032E579 /* SceneDelegate.swift in Sources */ = {isa = PBXBuildFile; fileRef = AE365102254328BA0032E579 /* SceneDelegate.swift */; };
		AE365108254328BA0032E579 /* Main.storyboard in Resources */ = {isa = PBXBuildFile; fileRef = AE365106254328BA0032E579 /* Main.storyboard */; };
		AE36510A254328C10032E579 /* Assets.xcassets in Resources */ = {isa = PBXBuildFile; fileRef = AE365109254328C10032E579 /* Assets.xcassets */; };
		AE36510D254328C10032E579 /* LaunchScreen.storyboard in Resources */ = {isa = PBXBuildFile; fileRef = AE36510B254328C10032E579 /* LaunchScreen.storyboard */; };
		AE365118254328C20032E579 /* InstaCloneTests.swift in Sources */ = {isa = PBXBuildFile; fileRef = AE365117254328C20032E579 /* InstaCloneTests.swift */; };
		AE365123254328C20032E579 /* InstaCloneUITests.swift in Sources */ = {isa = PBXBuildFile; fileRef = AE365122254328C20032E579 /* InstaCloneUITests.swift */; };
		AE36514425432D6D0032E579 /* LoginViewController.swift in Sources */ = {isa = PBXBuildFile; fileRef = AE36514325432D6D0032E579 /* LoginViewController.swift */; };
		AE36514925432D7A0032E579 /* FeedViewController.swift in Sources */ = {isa = PBXBuildFile; fileRef = AE36514825432D7A0032E579 /* FeedViewController.swift */; };
		AE36514E25433A380032E579 /* CameraViewController.swift in Sources */ = {isa = PBXBuildFile; fileRef = AE36514D25433A380032E579 /* CameraViewController.swift */; };
		AE4EA6202543CFA800AD14FA /* PostCell.swift in Sources */ = {isa = PBXBuildFile; fileRef = AE4EA61F2543CFA800AD14FA /* PostCell.swift */; };
/* End PBXBuildFile section */

/* Begin PBXContainerItemProxy section */
		AE365114254328C10032E579 /* PBXContainerItemProxy */ = {
			isa = PBXContainerItemProxy;
			containerPortal = AE3650F5254328BA0032E579 /* Project object */;
			proxyType = 1;
			remoteGlobalIDString = AE3650FC254328BA0032E579;
			remoteInfo = InstaClone;
		};
		AE36511F254328C20032E579 /* PBXContainerItemProxy */ = {
			isa = PBXContainerItemProxy;
			containerPortal = AE3650F5254328BA0032E579 /* Project object */;
			proxyType = 1;
			remoteGlobalIDString = AE3650FC254328BA0032E579;
			remoteInfo = InstaClone;
		};
/* End PBXContainerItemProxy section */

/* Begin PBXFileReference section */
		108F1E314BFE6F694263216C /* Pods_InstaClone.framework */ = {isa = PBXFileReference; explicitFileType = wrapper.framework; includeInIndex = 0; path = Pods_InstaClone.framework; sourceTree = BUILT_PRODUCTS_DIR; };
		1A915DB9111B6E44F81C0E62 /* Pods-InstaCloneTests.debug.xcconfig */ = {isa = PBXFileReference; includeInIndex = 1; lastKnownFileType = text.xcconfig; name = "Pods-InstaCloneTests.debug.xcconfig"; path = "Target Support Files/Pods-InstaCloneTests/Pods-InstaCloneTests.debug.xcconfig"; sourceTree = "<group>"; };
		213C8E7D71F59A6E6A2C9A14 /* Pods-InstaCloneTests.release.xcconfig */ = {isa = PBXFileReference; includeInIndex = 1; lastKnownFileType = text.xcconfig; name = "Pods-InstaCloneTests.release.xcconfig"; path = "Target Support Files/Pods-InstaCloneTests/Pods-InstaCloneTests.release.xcconfig"; sourceTree = "<group>"; };
		24D124C456CEA1278558A973 /* Pods-InstaClone.debug.xcconfig */ = {isa = PBXFileReference; includeInIndex = 1; lastKnownFileType = text.xcconfig; name = "Pods-InstaClone.debug.xcconfig"; path = "Target Support Files/Pods-InstaClone/Pods-InstaClone.debug.xcconfig"; sourceTree = "<group>"; };
		2E834C7ED7917D155C8155EA /* Pods-InstaClone-InstaCloneUITests.debug.xcconfig */ = {isa = PBXFileReference; includeInIndex = 1; lastKnownFileType = text.xcconfig; name = "Pods-InstaClone-InstaCloneUITests.debug.xcconfig"; path = "Target Support Files/Pods-InstaClone-InstaCloneUITests/Pods-InstaClone-InstaCloneUITests.debug.xcconfig"; sourceTree = "<group>"; };
		485142C6CEC5FF34F36A08A7 /* Pods_InstaCloneTests.framework */ = {isa = PBXFileReference; explicitFileType = wrapper.framework; includeInIndex = 0; path = Pods_InstaCloneTests.framework; sourceTree = BUILT_PRODUCTS_DIR; };
		580526BF279665DD62715235 /* Pods-InstaClone-InstaCloneUITests.release.xcconfig */ = {isa = PBXFileReference; includeInIndex = 1; lastKnownFileType = text.xcconfig; name = "Pods-InstaClone-InstaCloneUITests.release.xcconfig"; path = "Target Support Files/Pods-InstaClone-InstaCloneUITests/Pods-InstaClone-InstaCloneUITests.release.xcconfig"; sourceTree = "<group>"; };
		6172A28CABC65D29ACB8343D /* Pods-InstaClone.release.xcconfig */ = {isa = PBXFileReference; includeInIndex = 1; lastKnownFileType = text.xcconfig; name = "Pods-InstaClone.release.xcconfig"; path = "Target Support Files/Pods-InstaClone/Pods-InstaClone.release.xcconfig"; sourceTree = "<group>"; };
		AE3650FD254328BA0032E579 /* InstaClone.app */ = {isa = PBXFileReference; explicitFileType = wrapper.application; includeInIndex = 0; path = InstaClone.app; sourceTree = BUILT_PRODUCTS_DIR; };
		AE365100254328BA0032E579 /* AppDelegate.swift */ = {isa = PBXFileReference; lastKnownFileType = sourcecode.swift; path = AppDelegate.swift; sourceTree = "<group>"; };
		AE365102254328BA0032E579 /* SceneDelegate.swift */ = {isa = PBXFileReference; lastKnownFileType = sourcecode.swift; path = SceneDelegate.swift; sourceTree = "<group>"; };
		AE365107254328BA0032E579 /* Base */ = {isa = PBXFileReference; lastKnownFileType = file.storyboard; name = Base; path = Base.lproj/Main.storyboard; sourceTree = "<group>"; };
		AE365109254328C10032E579 /* Assets.xcassets */ = {isa = PBXFileReference; lastKnownFileType = folder.assetcatalog; path = Assets.xcassets; sourceTree = "<group>"; };
		AE36510C254328C10032E579 /* Base */ = {isa = PBXFileReference; lastKnownFileType = file.storyboard; name = Base; path = Base.lproj/LaunchScreen.storyboard; sourceTree = "<group>"; };
		AE36510E254328C10032E579 /* Info.plist */ = {isa = PBXFileReference; lastKnownFileType = text.plist.xml; path = Info.plist; sourceTree = "<group>"; };
		AE365113254328C10032E579 /* InstaCloneTests.xctest */ = {isa = PBXFileReference; explicitFileType = wrapper.cfbundle; includeInIndex = 0; path = InstaCloneTests.xctest; sourceTree = BUILT_PRODUCTS_DIR; };
		AE365117254328C20032E579 /* InstaCloneTests.swift */ = {isa = PBXFileReference; lastKnownFileType = sourcecode.swift; path = InstaCloneTests.swift; sourceTree = "<group>"; };
		AE365119254328C20032E579 /* Info.plist */ = {isa = PBXFileReference; lastKnownFileType = text.plist.xml; path = Info.plist; sourceTree = "<group>"; };
		AE36511E254328C20032E579 /* InstaCloneUITests.xctest */ = {isa = PBXFileReference; explicitFileType = wrapper.cfbundle; includeInIndex = 0; path = InstaCloneUITests.xctest; sourceTree = BUILT_PRODUCTS_DIR; };
		AE365122254328C20032E579 /* InstaCloneUITests.swift */ = {isa = PBXFileReference; lastKnownFileType = sourcecode.swift; path = InstaCloneUITests.swift; sourceTree = "<group>"; };
		AE365124254328C20032E579 /* Info.plist */ = {isa = PBXFileReference; lastKnownFileType = text.plist.xml; path = Info.plist; sourceTree = "<group>"; };
		AE36514325432D6D0032E579 /* LoginViewController.swift */ = {isa = PBXFileReference; lastKnownFileType = sourcecode.swift; path = LoginViewController.swift; sourceTree = "<group>"; };
		AE36514825432D7A0032E579 /* FeedViewController.swift */ = {isa = PBXFileReference; lastKnownFileType = sourcecode.swift; path = FeedViewController.swift; sourceTree = "<group>"; };
		AE36514D25433A380032E579 /* CameraViewController.swift */ = {isa = PBXFileReference; lastKnownFileType = sourcecode.swift; path = CameraViewController.swift; sourceTree = "<group>"; };
		AE4EA61F2543CFA800AD14FA /* PostCell.swift */ = {isa = PBXFileReference; lastKnownFileType = sourcecode.swift; path = PostCell.swift; sourceTree = "<group>"; };
		B42F9A98B5AA808D7BEE7E17 /* Pods_InstaClone_InstaCloneUITests.framework */ = {isa = PBXFileReference; explicitFileType = wrapper.framework; includeInIndex = 0; path = Pods_InstaClone_InstaCloneUITests.framework; sourceTree = BUILT_PRODUCTS_DIR; };
/* End PBXFileReference section */

/* Begin PBXFrameworksBuildPhase section */
		AE3650FA254328BA0032E579 /* Frameworks */ = {
			isa = PBXFrameworksBuildPhase;
			buildActionMask = 2147483647;
			files = (
				8FD968267F050D765406C2A1 /* Pods_InstaClone.framework in Frameworks */,
			);
			runOnlyForDeploymentPostprocessing = 0;
		};
		AE365110254328C10032E579 /* Frameworks */ = {
			isa = PBXFrameworksBuildPhase;
			buildActionMask = 2147483647;
			files = (
				6A3FD2DC35241D2082177713 /* Pods_InstaCloneTests.framework in Frameworks */,
			);
			runOnlyForDeploymentPostprocessing = 0;
		};
		AE36511B254328C20032E579 /* Frameworks */ = {
			isa = PBXFrameworksBuildPhase;
			buildActionMask = 2147483647;
			files = (
				77F108318C791831830125B9 /* Pods_InstaClone_InstaCloneUITests.framework in Frameworks */,
			);
			runOnlyForDeploymentPostprocessing = 0;
		};
/* End PBXFrameworksBuildPhase section */

/* Begin PBXGroup section */
		6981715202071218758D9BEF /* Frameworks */ = {
			isa = PBXGroup;
			children = (
				108F1E314BFE6F694263216C /* Pods_InstaClone.framework */,
				B42F9A98B5AA808D7BEE7E17 /* Pods_InstaClone_InstaCloneUITests.framework */,
				485142C6CEC5FF34F36A08A7 /* Pods_InstaCloneTests.framework */,
			);
			name = Frameworks;
			sourceTree = "<group>";
		};
		AE3650F4254328BA0032E579 = {
			isa = PBXGroup;
			children = (
				AE3650FF254328BA0032E579 /* InstaClone */,
				AE365116254328C20032E579 /* InstaCloneTests */,
				AE365121254328C20032E579 /* InstaCloneUITests */,
				AE3650FE254328BA0032E579 /* Products */,
				B6EF7C1726A0B63F731C2873 /* Pods */,
				6981715202071218758D9BEF /* Frameworks */,
			);
			sourceTree = "<group>";
		};
		AE3650FE254328BA0032E579 /* Products */ = {
			isa = PBXGroup;
			children = (
				AE3650FD254328BA0032E579 /* InstaClone.app */,
				AE365113254328C10032E579 /* InstaCloneTests.xctest */,
				AE36511E254328C20032E579 /* InstaCloneUITests.xctest */,
			);
			name = Products;
			sourceTree = "<group>";
		};
		AE3650FF254328BA0032E579 /* InstaClone */ = {
			isa = PBXGroup;
			children = (
				AE4EA61E2543CF6D00AD14FA /* View Components */,
				AE36514225432D4D0032E579 /* View controllers */,
				AE365100254328BA0032E579 /* AppDelegate.swift */,
				AE365102254328BA0032E579 /* SceneDelegate.swift */,
				AE365106254328BA0032E579 /* Main.storyboard */,
				AE365109254328C10032E579 /* Assets.xcassets */,
				AE36510B254328C10032E579 /* LaunchScreen.storyboard */,
				AE36510E254328C10032E579 /* Info.plist */,
			);
			path = InstaClone;
			sourceTree = "<group>";
		};
		AE365116254328C20032E579 /* InstaCloneTests */ = {
			isa = PBXGroup;
			children = (
				AE365117254328C20032E579 /* InstaCloneTests.swift */,
				AE365119254328C20032E579 /* Info.plist */,
			);
			path = InstaCloneTests;
			sourceTree = "<group>";
		};
		AE365121254328C20032E579 /* InstaCloneUITests */ = {
			isa = PBXGroup;
			children = (
				AE365122254328C20032E579 /* InstaCloneUITests.swift */,
				AE365124254328C20032E579 /* Info.plist */,
			);
			path = InstaCloneUITests;
			sourceTree = "<group>";
		};
		AE36514225432D4D0032E579 /* View controllers */ = {
			isa = PBXGroup;
			children = (
				AE36514325432D6D0032E579 /* LoginViewController.swift */,
				AE36514825432D7A0032E579 /* FeedViewController.swift */,
				AE36514D25433A380032E579 /* CameraViewController.swift */,
			);
			path = "View controllers";
			sourceTree = "<group>";
		};
		AE4EA61E2543CF6D00AD14FA /* View Components */ = {
			isa = PBXGroup;
			children = (
				AE4EA61F2543CFA800AD14FA /* PostCell.swift */,
			);
			path = "View Components";
			sourceTree = "<group>";
		};
		B6EF7C1726A0B63F731C2873 /* Pods */ = {
			isa = PBXGroup;
			children = (
				24D124C456CEA1278558A973 /* Pods-InstaClone.debug.xcconfig */,
				6172A28CABC65D29ACB8343D /* Pods-InstaClone.release.xcconfig */,
				2E834C7ED7917D155C8155EA /* Pods-InstaClone-InstaCloneUITests.debug.xcconfig */,
				580526BF279665DD62715235 /* Pods-InstaClone-InstaCloneUITests.release.xcconfig */,
				1A915DB9111B6E44F81C0E62 /* Pods-InstaCloneTests.debug.xcconfig */,
				213C8E7D71F59A6E6A2C9A14 /* Pods-InstaCloneTests.release.xcconfig */,
			);
			path = Pods;
			sourceTree = "<group>";
		};
/* End PBXGroup section */

/* Begin PBXNativeTarget section */
		AE3650FC254328BA0032E579 /* InstaClone */ = {
			isa = PBXNativeTarget;
			buildConfigurationList = AE365127254328C20032E579 /* Build configuration list for PBXNativeTarget "InstaClone" */;
			buildPhases = (
				3926B73FE90A38B595259327 /* [CP] Check Pods Manifest.lock */,
				AE3650F9254328BA0032E579 /* Sources */,
				AE3650FA254328BA0032E579 /* Frameworks */,
				AE3650FB254328BA0032E579 /* Resources */,
				8B0954AE88D5F8C7000913BE /* [CP] Embed Pods Frameworks */,
			);
			buildRules = (
			);
			dependencies = (
			);
			name = InstaClone;
			productName = InstaClone;
			productReference = AE3650FD254328BA0032E579 /* InstaClone.app */;
			productType = "com.apple.product-type.application";
		};
		AE365112254328C10032E579 /* InstaCloneTests */ = {
			isa = PBXNativeTarget;
			buildConfigurationList = AE36512A254328C20032E579 /* Build configuration list for PBXNativeTarget "InstaCloneTests" */;
			buildPhases = (
				DBABDEB864E00F64EBB04CE8 /* [CP] Check Pods Manifest.lock */,
				AE36510F254328C10032E579 /* Sources */,
				AE365110254328C10032E579 /* Frameworks */,
				AE365111254328C10032E579 /* Resources */,
			);
			buildRules = (
			);
			dependencies = (
				AE365115254328C10032E579 /* PBXTargetDependency */,
			);
			name = InstaCloneTests;
			productName = InstaCloneTests;
			productReference = AE365113254328C10032E579 /* InstaCloneTests.xctest */;
			productType = "com.apple.product-type.bundle.unit-test";
		};
		AE36511D254328C20032E579 /* InstaCloneUITests */ = {
			isa = PBXNativeTarget;
			buildConfigurationList = AE36512D254328C20032E579 /* Build configuration list for PBXNativeTarget "InstaCloneUITests" */;
			buildPhases = (
				F6DB5210D63864E7ACF19215 /* [CP] Check Pods Manifest.lock */,
				AE36511A254328C20032E579 /* Sources */,
				AE36511B254328C20032E579 /* Frameworks */,
				AE36511C254328C20032E579 /* Resources */,
				5E6C62DA8ACDBDAAAD36BB82 /* [CP] Embed Pods Frameworks */,
			);
			buildRules = (
			);
			dependencies = (
				AE365120254328C20032E579 /* PBXTargetDependency */,
			);
			name = InstaCloneUITests;
			productName = InstaCloneUITests;
			productReference = AE36511E254328C20032E579 /* InstaCloneUITests.xctest */;
			productType = "com.apple.product-type.bundle.ui-testing";
		};
/* End PBXNativeTarget section */

/* Begin PBXProject section */
		AE3650F5254328BA0032E579 /* Project object */ = {
			isa = PBXProject;
			attributes = {
				LastSwiftUpdateCheck = 1210;
				LastUpgradeCheck = 1210;
				TargetAttributes = {
					AE3650FC254328BA0032E579 = {
						CreatedOnToolsVersion = 12.1;
					};
					AE365112254328C10032E579 = {
						CreatedOnToolsVersion = 12.1;
						TestTargetID = AE3650FC254328BA0032E579;
					};
					AE36511D254328C20032E579 = {
						CreatedOnToolsVersion = 12.1;
						TestTargetID = AE3650FC254328BA0032E579;
					};
				};
			};
			buildConfigurationList = AE3650F8254328BA0032E579 /* Build configuration list for PBXProject "InstaClone" */;
			compatibilityVersion = "Xcode 9.3";
			developmentRegion = en;
			hasScannedForEncodings = 0;
			knownRegions = (
				en,
				Base,
			);
			mainGroup = AE3650F4254328BA0032E579;
			productRefGroup = AE3650FE254328BA0032E579 /* Products */;
			projectDirPath = "";
			projectRoot = "";
			targets = (
				AE3650FC254328BA0032E579 /* InstaClone */,
				AE365112254328C10032E579 /* InstaCloneTests */,
				AE36511D254328C20032E579 /* InstaCloneUITests */,
			);
		};
/* End PBXProject section */

/* Begin PBXResourcesBuildPhase section */
		AE3650FB254328BA0032E579 /* Resources */ = {
			isa = PBXResourcesBuildPhase;
			buildActionMask = 2147483647;
			files = (
				AE36510D254328C10032E579 /* LaunchScreen.storyboard in Resources */,
				AE36510A254328C10032E579 /* Assets.xcassets in Resources */,
				AE365108254328BA0032E579 /* Main.storyboard in Resources */,
			);
			runOnlyForDeploymentPostprocessing = 0;
		};
		AE365111254328C10032E579 /* Resources */ = {
			isa = PBXResourcesBuildPhase;
			buildActionMask = 2147483647;
			files = (
			);
			runOnlyForDeploymentPostprocessing = 0;
		};
		AE36511C254328C20032E579 /* Resources */ = {
			isa = PBXResourcesBuildPhase;
			buildActionMask = 2147483647;
			files = (
			);
			runOnlyForDeploymentPostprocessing = 0;
		};
/* End PBXResourcesBuildPhase section */

/* Begin PBXShellScriptBuildPhase section */
		3926B73FE90A38B595259327 /* [CP] Check Pods Manifest.lock */ = {
			isa = PBXShellScriptBuildPhase;
			buildActionMask = 2147483647;
			files = (
			);
			inputFileListPaths = (
			);
			inputPaths = (
				"${PODS_PODFILE_DIR_PATH}/Podfile.lock",
				"${PODS_ROOT}/Manifest.lock",
			);
			name = "[CP] Check Pods Manifest.lock";
			outputFileListPaths = (
			);
			outputPaths = (
				"$(DERIVED_FILE_DIR)/Pods-InstaClone-checkManifestLockResult.txt",
			);
			runOnlyForDeploymentPostprocessing = 0;
			shellPath = /bin/sh;
			shellScript = "diff \"${PODS_PODFILE_DIR_PATH}/Podfile.lock\" \"${PODS_ROOT}/Manifest.lock\" > /dev/null\nif [ $? != 0 ] ; then\n    # print error to STDERR\n    echo \"error: The sandbox is not in sync with the Podfile.lock. Run 'pod install' or update your CocoaPods installation.\" >&2\n    exit 1\nfi\n# This output is used by Xcode 'outputs' to avoid re-running this script phase.\necho \"SUCCESS\" > \"${SCRIPT_OUTPUT_FILE_0}\"\n";
			showEnvVarsInLog = 0;
		};
		5E6C62DA8ACDBDAAAD36BB82 /* [CP] Embed Pods Frameworks */ = {
			isa = PBXShellScriptBuildPhase;
			buildActionMask = 2147483647;
			files = (
			);
			inputFileListPaths = (
				"${PODS_ROOT}/Target Support Files/Pods-InstaClone-InstaCloneUITests/Pods-InstaClone-InstaCloneUITests-frameworks-${CONFIGURATION}-input-files.xcfilelist",
			);
			name = "[CP] Embed Pods Frameworks";
			outputFileListPaths = (
				"${PODS_ROOT}/Target Support Files/Pods-InstaClone-InstaCloneUITests/Pods-InstaClone-InstaCloneUITests-frameworks-${CONFIGURATION}-output-files.xcfilelist",
			);
			runOnlyForDeploymentPostprocessing = 0;
			shellPath = /bin/sh;
			shellScript = "\"${PODS_ROOT}/Target Support Files/Pods-InstaClone-InstaCloneUITests/Pods-InstaClone-InstaCloneUITests-frameworks.sh\"\n";
			showEnvVarsInLog = 0;
		};
		8B0954AE88D5F8C7000913BE /* [CP] Embed Pods Frameworks */ = {
			isa = PBXShellScriptBuildPhase;
			buildActionMask = 2147483647;
			files = (
			);
			inputFileListPaths = (
				"${PODS_ROOT}/Target Support Files/Pods-InstaClone/Pods-InstaClone-frameworks-${CONFIGURATION}-input-files.xcfilelist",
			);
			name = "[CP] Embed Pods Frameworks";
			outputFileListPaths = (
				"${PODS_ROOT}/Target Support Files/Pods-InstaClone/Pods-InstaClone-frameworks-${CONFIGURATION}-output-files.xcfilelist",
			);
			runOnlyForDeploymentPostprocessing = 0;
			shellPath = /bin/sh;
			shellScript = "\"${PODS_ROOT}/Target Support Files/Pods-InstaClone/Pods-InstaClone-frameworks.sh\"\n";
			showEnvVarsInLog = 0;
		};
		DBABDEB864E00F64EBB04CE8 /* [CP] Check Pods Manifest.lock */ = {
			isa = PBXShellScriptBuildPhase;
			buildActionMask = 2147483647;
			files = (
			);
			inputFileListPaths = (
			);
			inputPaths = (
				"${PODS_PODFILE_DIR_PATH}/Podfile.lock",
				"${PODS_ROOT}/Manifest.lock",
			);
			name = "[CP] Check Pods Manifest.lock";
			outputFileListPaths = (
			);
			outputPaths = (
				"$(DERIVED_FILE_DIR)/Pods-InstaCloneTests-checkManifestLockResult.txt",
			);
			runOnlyForDeploymentPostprocessing = 0;
			shellPath = /bin/sh;
			shellScript = "diff \"${PODS_PODFILE_DIR_PATH}/Podfile.lock\" \"${PODS_ROOT}/Manifest.lock\" > /dev/null\nif [ $? != 0 ] ; then\n    # print error to STDERR\n    echo \"error: The sandbox is not in sync with the Podfile.lock. Run 'pod install' or update your CocoaPods installation.\" >&2\n    exit 1\nfi\n# This output is used by Xcode 'outputs' to avoid re-running this script phase.\necho \"SUCCESS\" > \"${SCRIPT_OUTPUT_FILE_0}\"\n";
			showEnvVarsInLog = 0;
		};
		F6DB5210D63864E7ACF19215 /* [CP] Check Pods Manifest.lock */ = {
			isa = PBXShellScriptBuildPhase;
			buildActionMask = 2147483647;
			files = (
			);
			inputFileListPaths = (
			);
			inputPaths = (
				"${PODS_PODFILE_DIR_PATH}/Podfile.lock",
				"${PODS_ROOT}/Manifest.lock",
			);
			name = "[CP] Check Pods Manifest.lock";
			outputFileListPaths = (
			);
			outputPaths = (
				"$(DERIVED_FILE_DIR)/Pods-InstaClone-InstaCloneUITests-checkManifestLockResult.txt",
			);
			runOnlyForDeploymentPostprocessing = 0;
			shellPath = /bin/sh;
			shellScript = "diff \"${PODS_PODFILE_DIR_PATH}/Podfile.lock\" \"${PODS_ROOT}/Manifest.lock\" > /dev/null\nif [ $? != 0 ] ; then\n    # print error to STDERR\n    echo \"error: The sandbox is not in sync with the Podfile.lock. Run 'pod install' or update your CocoaPods installation.\" >&2\n    exit 1\nfi\n# This output is used by Xcode 'outputs' to avoid re-running this script phase.\necho \"SUCCESS\" > \"${SCRIPT_OUTPUT_FILE_0}\"\n";
			showEnvVarsInLog = 0;
		};
/* End PBXShellScriptBuildPhase section */

/* Begin PBXSourcesBuildPhase section */
		AE3650F9254328BA0032E579 /* Sources */ = {
			isa = PBXSourcesBuildPhase;
			buildActionMask = 2147483647;
			files = (
				AE36514425432D6D0032E579 /* LoginViewController.swift in Sources */,
				AE36514E25433A380032E579 /* CameraViewController.swift in Sources */,
				AE365101254328BA0032E579 /* AppDelegate.swift in Sources */,
				AE36514925432D7A0032E579 /* FeedViewController.swift in Sources */,
				AE365103254328BA0032E579 /* SceneDelegate.swift in Sources */,
				AE4EA6202543CFA800AD14FA /* PostCell.swift in Sources */,
			);
			runOnlyForDeploymentPostprocessing = 0;
		};
		AE36510F254328C10032E579 /* Sources */ = {
			isa = PBXSourcesBuildPhase;
			buildActionMask = 2147483647;
			files = (
				AE365118254328C20032E579 /* InstaCloneTests.swift in Sources */,
			);
			runOnlyForDeploymentPostprocessing = 0;
		};
		AE36511A254328C20032E579 /* Sources */ = {
			isa = PBXSourcesBuildPhase;
			buildActionMask = 2147483647;
			files = (
				AE365123254328C20032E579 /* InstaCloneUITests.swift in Sources */,
			);
			runOnlyForDeploymentPostprocessing = 0;
		};
/* End PBXSourcesBuildPhase section */

/* Begin PBXTargetDependency section */
		AE365115254328C10032E579 /* PBXTargetDependency */ = {
			isa = PBXTargetDependency;
			target = AE3650FC254328BA0032E579 /* InstaClone */;
			targetProxy = AE365114254328C10032E579 /* PBXContainerItemProxy */;
		};
		AE365120254328C20032E579 /* PBXTargetDependency */ = {
			isa = PBXTargetDependency;
			target = AE3650FC254328BA0032E579 /* InstaClone */;
			targetProxy = AE36511F254328C20032E579 /* PBXContainerItemProxy */;
		};
/* End PBXTargetDependency section */

/* Begin PBXVariantGroup section */
		AE365106254328BA0032E579 /* Main.storyboard */ = {
			isa = PBXVariantGroup;
			children = (
				AE365107254328BA0032E579 /* Base */,
			);
			name = Main.storyboard;
			sourceTree = "<group>";
		};
		AE36510B254328C10032E579 /* LaunchScreen.storyboard */ = {
			isa = PBXVariantGroup;
			children = (
				AE36510C254328C10032E579 /* Base */,
			);
			name = LaunchScreen.storyboard;
			sourceTree = "<group>";
		};
/* End PBXVariantGroup section */

/* Begin XCBuildConfiguration section */
		AE365125254328C20032E579 /* Debug */ = {
			isa = XCBuildConfiguration;
			buildSettings = {
				ALWAYS_SEARCH_USER_PATHS = NO;
				CLANG_ANALYZER_NONNULL = YES;
				CLANG_ANALYZER_NUMBER_OBJECT_CONVERSION = YES_AGGRESSIVE;
				CLANG_CXX_LANGUAGE_STANDARD = "gnu++14";
				CLANG_CXX_LIBRARY = "libc++";
				CLANG_ENABLE_MODULES = YES;
				CLANG_ENABLE_OBJC_ARC = YES;
				CLANG_ENABLE_OBJC_WEAK = YES;
				CLANG_WARN_BLOCK_CAPTURE_AUTORELEASING = YES;
				CLANG_WARN_BOOL_CONVERSION = YES;
				CLANG_WARN_COMMA = YES;
				CLANG_WARN_CONSTANT_CONVERSION = YES;
				CLANG_WARN_DEPRECATED_OBJC_IMPLEMENTATIONS = YES;
				CLANG_WARN_DIRECT_OBJC_ISA_USAGE = YES_ERROR;
				CLANG_WARN_DOCUMENTATION_COMMENTS = YES;
				CLANG_WARN_EMPTY_BODY = YES;
				CLANG_WARN_ENUM_CONVERSION = YES;
				CLANG_WARN_INFINITE_RECURSION = YES;
				CLANG_WARN_INT_CONVERSION = YES;
				CLANG_WARN_NON_LITERAL_NULL_CONVERSION = YES;
				CLANG_WARN_OBJC_IMPLICIT_RETAIN_SELF = YES;
				CLANG_WARN_OBJC_LITERAL_CONVERSION = YES;
				CLANG_WARN_OBJC_ROOT_CLASS = YES_ERROR;
				CLANG_WARN_QUOTED_INCLUDE_IN_FRAMEWORK_HEADER = YES;
				CLANG_WARN_RANGE_LOOP_ANALYSIS = YES;
				CLANG_WARN_STRICT_PROTOTYPES = YES;
				CLANG_WARN_SUSPICIOUS_MOVE = YES;
				CLANG_WARN_UNGUARDED_AVAILABILITY = YES_AGGRESSIVE;
				CLANG_WARN_UNREACHABLE_CODE = YES;
				CLANG_WARN__DUPLICATE_METHOD_MATCH = YES;
				COPY_PHASE_STRIP = NO;
				DEBUG_INFORMATION_FORMAT = dwarf;
				ENABLE_STRICT_OBJC_MSGSEND = YES;
				ENABLE_TESTABILITY = YES;
				GCC_C_LANGUAGE_STANDARD = gnu11;
				GCC_DYNAMIC_NO_PIC = NO;
				GCC_NO_COMMON_BLOCKS = YES;
				GCC_OPTIMIZATION_LEVEL = 0;
				GCC_PREPROCESSOR_DEFINITIONS = (
					"DEBUG=1",
					"$(inherited)",
				);
				GCC_WARN_64_TO_32_BIT_CONVERSION = YES;
				GCC_WARN_ABOUT_RETURN_TYPE = YES_ERROR;
				GCC_WARN_UNDECLARED_SELECTOR = YES;
				GCC_WARN_UNINITIALIZED_AUTOS = YES_AGGRESSIVE;
				GCC_WARN_UNUSED_FUNCTION = YES;
				GCC_WARN_UNUSED_VARIABLE = YES;
				IPHONEOS_DEPLOYMENT_TARGET = 14.1;
				MTL_ENABLE_DEBUG_INFO = INCLUDE_SOURCE;
				MTL_FAST_MATH = YES;
				ONLY_ACTIVE_ARCH = YES;
				SDKROOT = iphoneos;
				SWIFT_ACTIVE_COMPILATION_CONDITIONS = DEBUG;
				SWIFT_OPTIMIZATION_LEVEL = "-Onone";
			};
			name = Debug;
		};
		AE365126254328C20032E579 /* Release */ = {
			isa = XCBuildConfiguration;
			buildSettings = {
				ALWAYS_SEARCH_USER_PATHS = NO;
				CLANG_ANALYZER_NONNULL = YES;
				CLANG_ANALYZER_NUMBER_OBJECT_CONVERSION = YES_AGGRESSIVE;
				CLANG_CXX_LANGUAGE_STANDARD = "gnu++14";
				CLANG_CXX_LIBRARY = "libc++";
				CLANG_ENABLE_MODULES = YES;
				CLANG_ENABLE_OBJC_ARC = YES;
				CLANG_ENABLE_OBJC_WEAK = YES;
				CLANG_WARN_BLOCK_CAPTURE_AUTORELEASING = YES;
				CLANG_WARN_BOOL_CONVERSION = YES;
				CLANG_WARN_COMMA = YES;
				CLANG_WARN_CONSTANT_CONVERSION = YES;
				CLANG_WARN_DEPRECATED_OBJC_IMPLEMENTATIONS = YES;
				CLANG_WARN_DIRECT_OBJC_ISA_USAGE = YES_ERROR;
				CLANG_WARN_DOCUMENTATION_COMMENTS = YES;
				CLANG_WARN_EMPTY_BODY = YES;
				CLANG_WARN_ENUM_CONVERSION = YES;
				CLANG_WARN_INFINITE_RECURSION = YES;
				CLANG_WARN_INT_CONVERSION = YES;
				CLANG_WARN_NON_LITERAL_NULL_CONVERSION = YES;
				CLANG_WARN_OBJC_IMPLICIT_RETAIN_SELF = YES;
				CLANG_WARN_OBJC_LITERAL_CONVERSION = YES;
				CLANG_WARN_OBJC_ROOT_CLASS = YES_ERROR;
				CLANG_WARN_QUOTED_INCLUDE_IN_FRAMEWORK_HEADER = YES;
				CLANG_WARN_RANGE_LOOP_ANALYSIS = YES;
				CLANG_WARN_STRICT_PROTOTYPES = YES;
				CLANG_WARN_SUSPICIOUS_MOVE = YES;
				CLANG_WARN_UNGUARDED_AVAILABILITY = YES_AGGRESSIVE;
				CLANG_WARN_UNREACHABLE_CODE = YES;
				CLANG_WARN__DUPLICATE_METHOD_MATCH = YES;
				COPY_PHASE_STRIP = NO;
				DEBUG_INFORMATION_FORMAT = "dwarf-with-dsym";
				ENABLE_NS_ASSERTIONS = NO;
				ENABLE_STRICT_OBJC_MSGSEND = YES;
				GCC_C_LANGUAGE_STANDARD = gnu11;
				GCC_NO_COMMON_BLOCKS = YES;
				GCC_WARN_64_TO_32_BIT_CONVERSION = YES;
				GCC_WARN_ABOUT_RETURN_TYPE = YES_ERROR;
				GCC_WARN_UNDECLARED_SELECTOR = YES;
				GCC_WARN_UNINITIALIZED_AUTOS = YES_AGGRESSIVE;
				GCC_WARN_UNUSED_FUNCTION = YES;
				GCC_WARN_UNUSED_VARIABLE = YES;
				IPHONEOS_DEPLOYMENT_TARGET = 14.1;
				MTL_ENABLE_DEBUG_INFO = NO;
				MTL_FAST_MATH = YES;
				SDKROOT = iphoneos;
				SWIFT_COMPILATION_MODE = wholemodule;
				SWIFT_OPTIMIZATION_LEVEL = "-O";
				VALIDATE_PRODUCT = YES;
			};
			name = Release;
		};
		AE365128254328C20032E579 /* Debug */ = {
			isa = XCBuildConfiguration;
			baseConfigurationReference = 24D124C456CEA1278558A973 /* Pods-InstaClone.debug.xcconfig */;
			buildSettings = {
				ASSETCATALOG_COMPILER_APPICON_NAME = AppIcon;
				ASSETCATALOG_COMPILER_GLOBAL_ACCENT_COLOR_NAME = AccentColor;
				CODE_SIGN_STYLE = Automatic;
				DEVELOPMENT_TEAM = 5LHDDJ5HP7;
				INFOPLIST_FILE = InstaClone/Info.plist;
				LD_RUNPATH_SEARCH_PATHS = (
					"$(inherited)",
					"@executable_path/Frameworks",
				);
				PRODUCT_BUNDLE_IDENTIFIER = kwesi.InstaClone;
				PRODUCT_NAME = "$(TARGET_NAME)";
				SWIFT_VERSION = 5.0;
				TARGETED_DEVICE_FAMILY = "1,2";
			};
			name = Debug;
		};
		AE365129254328C20032E579 /* Release */ = {
			isa = XCBuildConfiguration;
			baseConfigurationReference = 6172A28CABC65D29ACB8343D /* Pods-InstaClone.release.xcconfig */;
			buildSettings = {
				ASSETCATALOG_COMPILER_APPICON_NAME = AppIcon;
				ASSETCATALOG_COMPILER_GLOBAL_ACCENT_COLOR_NAME = AccentColor;
				CODE_SIGN_STYLE = Automatic;
				DEVELOPMENT_TEAM = 5LHDDJ5HP7;
				INFOPLIST_FILE = InstaClone/Info.plist;
				LD_RUNPATH_SEARCH_PATHS = (
					"$(inherited)",
					"@executable_path/Frameworks",
				);
				PRODUCT_BUNDLE_IDENTIFIER = kwesi.InstaClone;
				PRODUCT_NAME = "$(TARGET_NAME)";
				SWIFT_VERSION = 5.0;
				TARGETED_DEVICE_FAMILY = "1,2";
			};
			name = Release;
		};
		AE36512B254328C20032E579 /* Debug */ = {
			isa = XCBuildConfiguration;
			baseConfigurationReference = 1A915DB9111B6E44F81C0E62 /* Pods-InstaCloneTests.debug.xcconfig */;
			buildSettings = {
				ALWAYS_EMBED_SWIFT_STANDARD_LIBRARIES = YES;
				BUNDLE_LOADER = "$(TEST_HOST)";
				CODE_SIGN_STYLE = Automatic;
				DEVELOPMENT_TEAM = 5LHDDJ5HP7;
				INFOPLIST_FILE = InstaCloneTests/Info.plist;
				IPHONEOS_DEPLOYMENT_TARGET = 14.1;
				LD_RUNPATH_SEARCH_PATHS = (
					"$(inherited)",
					"@executable_path/Frameworks",
					"@loader_path/Frameworks",
				);
				PRODUCT_BUNDLE_IDENTIFIER = kwesi.InstaCloneTests;
				PRODUCT_NAME = "$(TARGET_NAME)";
				SWIFT_VERSION = 5.0;
				TARGETED_DEVICE_FAMILY = "1,2";
				TEST_HOST = "$(BUILT_PRODUCTS_DIR)/InstaClone.app/InstaClone";
			};
			name = Debug;
		};
		AE36512C254328C20032E579 /* Release */ = {
			isa = XCBuildConfiguration;
			baseConfigurationReference = 213C8E7D71F59A6E6A2C9A14 /* Pods-InstaCloneTests.release.xcconfig */;
			buildSettings = {
				ALWAYS_EMBED_SWIFT_STANDARD_LIBRARIES = YES;
				BUNDLE_LOADER = "$(TEST_HOST)";
				CODE_SIGN_STYLE = Automatic;
				DEVELOPMENT_TEAM = 5LHDDJ5HP7;
				INFOPLIST_FILE = InstaCloneTests/Info.plist;
				IPHONEOS_DEPLOYMENT_TARGET = 14.1;
				LD_RUNPATH_SEARCH_PATHS = (
					"$(inherited)",
					"@executable_path/Frameworks",
					"@loader_path/Frameworks",
				);
				PRODUCT_BUNDLE_IDENTIFIER = kwesi.InstaCloneTests;
				PRODUCT_NAME = "$(TARGET_NAME)";
				SWIFT_VERSION = 5.0;
				TARGETED_DEVICE_FAMILY = "1,2";
				TEST_HOST = "$(BUILT_PRODUCTS_DIR)/InstaClone.app/InstaClone";
			};
			name = Release;
		};
		AE36512E254328C20032E579 /* Debug */ = {
			isa = XCBuildConfiguration;
			baseConfigurationReference = 2E834C7ED7917D155C8155EA /* Pods-InstaClone-InstaCloneUITests.debug.xcconfig */;
			buildSettings = {
				ALWAYS_EMBED_SWIFT_STANDARD_LIBRARIES = YES;
				CODE_SIGN_STYLE = Automatic;
				DEVELOPMENT_TEAM = 5LHDDJ5HP7;
				INFOPLIST_FILE = InstaCloneUITests/Info.plist;
				LD_RUNPATH_SEARCH_PATHS = (
					"$(inherited)",
					"@executable_path/Frameworks",
					"@loader_path/Frameworks",
				);
				PRODUCT_BUNDLE_IDENTIFIER = kwesi.InstaCloneUITests;
				PRODUCT_NAME = "$(TARGET_NAME)";
				SWIFT_VERSION = 5.0;
				TARGETED_DEVICE_FAMILY = "1,2";
				TEST_TARGET_NAME = InstaClone;
			};
			name = Debug;
		};
		AE36512F254328C20032E579 /* Release */ = {
			isa = XCBuildConfiguration;
			baseConfigurationReference = 580526BF279665DD62715235 /* Pods-InstaClone-InstaCloneUITests.release.xcconfig */;
			buildSettings = {
				ALWAYS_EMBED_SWIFT_STANDARD_LIBRARIES = YES;
				CODE_SIGN_STYLE = Automatic;
				DEVELOPMENT_TEAM = 5LHDDJ5HP7;
				INFOPLIST_FILE = InstaCloneUITests/Info.plist;
				LD_RUNPATH_SEARCH_PATHS = (
					"$(inherited)",
					"@executable_path/Frameworks",
					"@loader_path/Frameworks",
				);
				PRODUCT_BUNDLE_IDENTIFIER = kwesi.InstaCloneUITests;
				PRODUCT_NAME = "$(TARGET_NAME)";
				SWIFT_VERSION = 5.0;
				TARGETED_DEVICE_FAMILY = "1,2";
				TEST_TARGET_NAME = InstaClone;
			};
			name = Release;
		};
/* End XCBuildConfiguration section */

/* Begin XCConfigurationList section */
		AE3650F8254328BA0032E579 /* Build configuration list for PBXProject "InstaClone" */ = {
			isa = XCConfigurationList;
			buildConfigurations = (
				AE365125254328C20032E579 /* Debug */,
				AE365126254328C20032E579 /* Release */,
			);
			defaultConfigurationIsVisible = 0;
			defaultConfigurationName = Release;
		};
		AE365127254328C20032E579 /* Build configuration list for PBXNativeTarget "InstaClone" */ = {
			isa = XCConfigurationList;
			buildConfigurations = (
				AE365128254328C20032E579 /* Debug */,
				AE365129254328C20032E579 /* Release */,
			);
			defaultConfigurationIsVisible = 0;
			defaultConfigurationName = Release;
		};
		AE36512A254328C20032E579 /* Build configuration list for PBXNativeTarget "InstaCloneTests" */ = {
			isa = XCConfigurationList;
			buildConfigurations = (
				AE36512B254328C20032E579 /* Debug */,
				AE36512C254328C20032E579 /* Release */,
			);
			defaultConfigurationIsVisible = 0;
			defaultConfigurationName = Release;
		};
		AE36512D254328C20032E579 /* Build configuration list for PBXNativeTarget "InstaCloneUITests" */ = {
			isa = XCConfigurationList;
			buildConfigurations = (
				AE36512E254328C20032E579 /* Debug */,
				AE36512F254328C20032E579 /* Release */,
			);
			defaultConfigurationIsVisible = 0;
			defaultConfigurationName = Release;
		};
/* End XCConfigurationList section */
	};
	rootObject = AE3650F5254328BA0032E579 /* Project object */;
}
